
Microsoft Visual Studio Solution File, Format Version 12.00
# Visual Studio Version 16
VisualStudioVersion = 16.0.31025.194
MinimumVisualStudioVersion = 10.0.40219.1
Project("{9A19103F-16F7-4668-BE54-9A1E7A4F7556}") = "fhictkillerapp", "fhictkillerapp\fhictkillerapp.csproj", "{64AF9103-1FCD-4158-BAC4-836DC460BD60}"
EndProject
Project("{9A19103F-16F7-4668-BE54-9A1E7A4F7556}") = "Logic", "..\Logic\Logic\Logic.csproj", "{9A5E28D1-3558-4A68-9978-587BDD1B8D71}"
EndProject
Project("{9A19103F-16F7-4668-BE54-9A1E7A4F7556}") = "Common", "..\Common\Common\Common.csproj", "{54A9992C-352F-45DE-A4BE-DCED70771378}"
EndProject
Project("{FAE04EC0-301F-11D3-BF4B-00C04F79EFBC}") = "Data", "Data\Data.csproj", "{D5982D69-11C6-4912-8A9C-72977F63E4D8}"
EndProject
Global
	GlobalSection(SolutionConfigurationPlatforms) = preSolution
		Debug|Any CPU = Debug|Any CPU
		Release|Any CPU = Release|Any CPU
	EndGlobalSection
	GlobalSection(ProjectConfigurationPlatforms) = postSolution
		{64AF9103-1FCD-4158-BAC4-836DC460BD60}.Debug|Any CPU.ActiveCfg = Debug|Any CPU
		{64AF9103-1FCD-4158-BAC4-836DC460BD60}.Debug|Any CPU.Build.0 = Debug|Any CPU
		{64AF9103-1FCD-4158-BAC4-836DC460BD60}.Release|Any CPU.ActiveCfg = Release|Any CPU
		{64AF9103-1FCD-4158-BAC4-836DC460BD60}.Release|Any CPU.Build.0 = Release|Any CPU
		{9A5E28D1-3558-4A68-9978-587BDD1B8D71}.Debug|Any CPU.ActiveCfg = Debug|Any CPU
		{9A5E28D1-3558-4A68-9978-587BDD1B8D71}.Debug|Any CPU.Build.0 = Debug|Any CPU
		{9A5E28D1-3558-4A68-9978-587BDD1B8D71}.Release|Any CPU.ActiveCfg = Release|Any CPU
		{9A5E28D1-3558-4A68-9978-587BDD1B8D71}.Release|Any CPU.Build.0 = Release|Any CPU
		{54A9992C-352F-45DE-A4BE-DCED70771378}.Debug|Any CPU.ActiveCfg = Debug|Any CPU
		{54A9992C-352F-45DE-A4BE-DCED70771378}.Debug|Any CPU.Build.0 = Debug|Any CPU
		{54A9992C-352F-45DE-A4BE-DCED70771378}.Release|Any CPU.ActiveCfg = Release|Any CPU
		{54A9992C-352F-45DE-A4BE-DCED70771378}.Release|Any CPU.Build.0 = Release|Any CPU
		{D5982D69-11C6-4912-8A9C-72977F63E4D8}.Debug|Any CPU.ActiveCfg = Debug|Any CPU
		{D5982D69-11C6-4912-8A9C-72977F63E4D8}.Debug|Any CPU.Build.0 = Debug|Any CPU
		{D5982D69-11C6-4912-8A9C-72977F63E4D8}.Release|Any CPU.ActiveCfg = Release|Any CPU
		{D5982D69-11C6-4912-8A9C-72977F63E4D8}.Release|Any CPU.Build.0 = Release|Any CPU
	EndGlobalSection
	GlobalSection(SolutionProperties) = preSolution
		HideSolutionNode = FALSE
	EndGlobalSection
	GlobalSection(ExtensibilityGlobals) = postSolution
		SolutionGuid = {524953A7-54A6-400F-ACD9-AD130B0FB83D}
	EndGlobalSection
EndGlobal
